
Microsoft Visual Studio Solution File, Format Version 10.00
# Visual Studio 2008
Project("{FAE04EC0-301F-11D3-BF4B-00C04F79EFBC}") = "SummaryDataGridView", "SummaryDataGridView.csproj", "{1BBCAC0E-1B1E-45D1-8299-79756A8670D6}"
EndProject
Project("{FAE04EC0-301F-11D3-BF4B-00C04F79EFBC}") = "TestGrid", "..\TestGrid\TestGrid.csproj", "{6111B044-C93B-4E67-9610-8BF1413A534F}"
EndProject
Global
	GlobalSection(SolutionConfigurationPlatforms) = preSolution
		Debug|Any CPU = Debug|Any CPU
		Release|Any CPU = Release|Any CPU
	EndGlobalSection
	GlobalSection(ProjectConfigurationPlatforms) = postSolution
		{1BBCAC0E-1B1E-45D1-8299-79756A8670D6}.Debug|Any CPU.ActiveCfg = Debug|Any CPU
		{1BBCAC0E-1B1E-45D1-8299-79756A8670D6}.Debug|Any CPU.Build.0 = Debug|Any CPU
		{1BBCAC0E-1B1E-45D1-8299-79756A8670D6}.Release|Any CPU.ActiveCfg = Release|Any CPU
		{1BBCAC0E-1B1E-45D1-8299-79756A8670D6}.Release|Any CPU.Build.0 = Release|Any CPU
		{6111B044-C93B-4E67-9610-8BF1413A534F}.Debug|Any CPU.ActiveCfg = Debug|Any CPU
		{6111B044-C93B-4E67-9610-8BF1413A534F}.Debug|Any CPU.Build.0 = Debug|Any CPU
		{6111B044-C93B-4E67-9610-8BF1413A534F}.Release|Any CPU.ActiveCfg = Release|Any CPU
		{6111B044-C93B-4E67-9610-8BF1413A534F}.Release|Any CPU.Build.0 = Release|Any CPU
	EndGlobalSection
	GlobalSection(SolutionProperties) = preSolution
		HideSolutionNode = FALSE
	EndGlobalSection
EndGlobal
